PODS:
  - AFNetworking (3.2.1):
    - AFNetworking/NSURLSession (= 3.2.1)
    - AFNetworking/Reachability (= 3.2.1)
    - AFNetworking/Security (= 3.2.1)
    - AFNetworking/Serialization (= 3.2.1)
    - AFNetworking/UIKit (= 3.2.1)
  - AFNetworking/NSURLSession (3.2.1):
    - AFNetworking/Reachability
    - AFNetworking/Security
    - AFNetworking/Serialization
  - AFNetworking/Reachability (3.2.1)
  - AFNetworking/Security (3.2.1)
  - AFNetworking/Serialization (3.2.1)
  - AFNetworking/UIKit (3.2.1):
    - AFNetworking/NSURLSession
  - IQKeyboardManager (5.0.8)
  - JCore (1.2.0)
  - JPush (3.0.9):
    - JCore (~> 1.2.0)
  - LBXScan/LBXNative (2.3):
    - LBXScan/Types (~> 2.2)
  - LBXScan/Types (2.3)
  - LBXScan/UI (2.3):
    - LBXScan/Types (~> 2.2)
  - LxFTPRequest (1.1.1)
  - Masonry (1.1.0)
  - MJExtension (3.0.15)
  - MJRefresh (3.1.15.3)
  - mob_sharesdk (4.1.2):
    - mob_sharesdk/ShareSDK (= 4.1.2)
    - MOBFoundation
  - mob_sharesdk/ShareSDK (4.1.2):
    - MOBFoundation
  - mob_sharesdk/ShareSDKExtension (4.1.2):
    - mob_sharesdk/ShareSDK
    - MOBFoundation
  - mob_sharesdk/ShareSDKPlatforms/QQ (4.1.2):
    - mob_sharesdk/ShareSDK
    - MOBFoundation
  - mob_sharesdk/ShareSDKPlatforms/WeChat (4.1.2):
    - mob_sharesdk/ShareSDK
    - MOBFoundation
  - mob_sharesdk/ShareSDKUI (4.1.2):
    - mob_sharesdk/ShareSDK
    - MOBFoundation
  - MOBFoundation (3.1.6)
  - SDCycleScrollView (1.75):
    - SDWebImage (>= 4.0.0)
  - SDWebImage (4.3.3):
    - SDWebImage/Core (= 4.3.3)
  - SDWebImage/Core (4.3.3)
  - SGPagingView (1.3.7)
  - SVProgressHUD (2.2.5)
  - YYCache (1.0.4)

DEPENDENCIES:
  - AFNetworking (~> 3.2.0)
  - IQKeyboardManager (~> 5.0.8)
  - JPush (~> 3.0.9)
  - LBXScan/LBXNative (~> 2.3)
  - LBXScan/UI (~> 2.3)
  - LxFTPRequest (~> 1.1.1)
  - Masonry (~> 1.1.0)
  - MJExtension (>= 3.0.13)
  - MJRefresh (~> 3.1.15.3)
  - mob_sharesdk (~> 4.1.1)
  - mob_sharesdk/ShareSDKExtension
  - mob_sharesdk/ShareSDKPlatforms/QQ
  - mob_sharesdk/ShareSDKPlatforms/WeChat
  - mob_sharesdk/ShareSDKUI
  - MOBFoundation (~> 3.1.2)
  - SDCycleScrollView (~> 1.75)
  - SDWebImage (~> 4.3.3)
  - SGPagingView (~> 1.3.6)
  - SVProgressHUD (~> 2.2.5)
  - YYCache (~> 1.0.4)

SPEC CHECKSUMS:
  AFNetworking: b6f891fdfaed196b46c7a83cf209e09697b94057
  IQKeyboardManager: 266cb7b1d11f94a3e71229d77f960f9a1b538e5b
  JCore: b52e3dd73625eec70afd1244bb9c41038aa06087
  JPush: 48041e8c5ad2ef9b48709eb0888af9640b36e9b0
  LBXScan: e51449f0832d1fe17da632af0d22adeb3cfa3543
  LxFTPRequest: 5b36ded7a12d7b1d010ca8febb1055fe8bc1f706
  Masonry: 678fab65091a9290e40e2832a55e7ab731aad201
  MJExtension: 3f039575db1b135a20699ad298713b26acec1528
  MJRefresh: b48380ae2b927b46c4ef000de9adb8dc748e1df7
  mob_sharesdk: e859de6ace7542f3395ce055682f7cd40efdfaa1
  MOBFoundation: a87c5f11fb87f873337189c3ec0add4d3ec6221a
  SDCycleScrollView: 884b88f0266dd4708a0e1934975c69cb971707b1
  SDWebImage: de4d90b5bff3571eae7bd16202b1f43135409fa5
  SGPagingView: 475a2330a833a21633ed94a41680be9d54f08974
  SVProgressHUD: 1428aafac632c1f86f62aa4243ec12008d7a51d6
  YYCache: 8105b6638f5e849296c71f331ff83891a4942952

PODFILE CHECKSUM: 6dba2a4d2fe62f77e80a427c527cf1491d0684ce

COCOAPODS: 1.4.0
